
Microsoft Visual Studio Solution File, Format Version 12.00
# Visual Studio Version 17
VisualStudioVersion = 17.6.33723.286
MinimumVisualStudioVersion = 10.0.40219.1
Project("{FAE04EC0-301F-11D3-BF4B-00C04F79EFBC}") = "RapidSCADAVkDriver", "RapidSCADAVkDriver\RapidSCADAVkDriver.csproj", "{3A08679D-7735-4E8B-895A-A6C06F227F9F}"
EndProject
Global
	GlobalSection(SolutionConfigurationPlatforms) = preSolution
		Debug|Any CPU = Debug|Any CPU
		Release|Any CPU = Release|Any CPU
	EndGlobalSection
	GlobalSection(ProjectConfigurationPlatforms) = postSolution
		{3A08679D-7735-4E8B-895A-A6C06F227F9F}.Debug|Any CPU.ActiveCfg = Debug|Any CPU
		{3A08679D-7735-4E8B-895A-A6C06F227F9F}.Debug|Any CPU.Build.0 = Debug|Any CPU
		{3A08679D-7735-4E8B-895A-A6C06F227F9F}.Release|Any CPU.ActiveCfg = Release|Any CPU
		{3A08679D-7735-4E8B-895A-A6C06F227F9F}.Release|Any CPU.Build.0 = Release|Any CPU
	EndGlobalSection
	GlobalSection(SolutionProperties) = preSolution
		HideSolutionNode = FALSE
	EndGlobalSection
	GlobalSection(ExtensibilityGlobals) = postSolution
		SolutionGuid = {69F6942C-7F3D-4503-820A-0FC7F615CF32}
	EndGlobalSection
EndGlobal
